
Microsoft Visual Studio Solution File, Format Version 12.00
Project("{FAE04EC0-301F-11D3-BF4B-00C04F79EFBC}") = "Domain", "Domain\Domain.csproj", "{A7495B11-E469-4A0D-9170-721EAFD849EA}"
EndProject
Project("{FAE04EC0-301F-11D3-BF4B-00C04F79EFBC}") = "Infrastructure", "Infrastructure\Infrastructure.csproj", "{4CC60078-6E50-49E6-B64D-332B8261763B}"
EndProject
Project("{FAE04EC0-301F-11D3-BF4B-00C04F79EFBC}") = "Application", "Application\Application.csproj", "{C0077515-A972-4C07-B643-0E370BE23B12}"
EndProject
Project("{FAE04EC0-301F-11D3-BF4B-00C04F79EFBC}") = "Security", "Security\Security.csproj", "{10E54F4B-9FAA-4E75-86B6-AAA041E232B6}"
EndProject
Global
	GlobalSection(SolutionConfigurationPlatforms) = preSolution
		Debug|Any CPU = Debug|Any CPU
		Release|Any CPU = Release|Any CPU
	EndGlobalSection
	GlobalSection(ProjectConfigurationPlatforms) = postSolution
		{A7495B11-E469-4A0D-9170-721EAFD849EA}.Debug|Any CPU.ActiveCfg = Debug|Any CPU
		{A7495B11-E469-4A0D-9170-721EAFD849EA}.Debug|Any CPU.Build.0 = Debug|Any CPU
		{A7495B11-E469-4A0D-9170-721EAFD849EA}.Release|Any CPU.ActiveCfg = Release|Any CPU
		{A7495B11-E469-4A0D-9170-721EAFD849EA}.Release|Any CPU.Build.0 = Release|Any CPU
		{4CC60078-6E50-49E6-B64D-332B8261763B}.Debug|Any CPU.ActiveCfg = Debug|Any CPU
		{4CC60078-6E50-49E6-B64D-332B8261763B}.Debug|Any CPU.Build.0 = Debug|Any CPU
		{4CC60078-6E50-49E6-B64D-332B8261763B}.Release|Any CPU.ActiveCfg = Release|Any CPU
		{4CC60078-6E50-49E6-B64D-332B8261763B}.Release|Any CPU.Build.0 = Release|Any CPU
		{C0077515-A972-4C07-B643-0E370BE23B12}.Debug|Any CPU.ActiveCfg = Debug|Any CPU
		{C0077515-A972-4C07-B643-0E370BE23B12}.Debug|Any CPU.Build.0 = Debug|Any CPU
		{C0077515-A972-4C07-B643-0E370BE23B12}.Release|Any CPU.ActiveCfg = Release|Any CPU
		{C0077515-A972-4C07-B643-0E370BE23B12}.Release|Any CPU.Build.0 = Release|Any CPU
		{10E54F4B-9FAA-4E75-86B6-AAA041E232B6}.Debug|Any CPU.ActiveCfg = Debug|Any CPU
		{10E54F4B-9FAA-4E75-86B6-AAA041E232B6}.Debug|Any CPU.Build.0 = Debug|Any CPU
		{10E54F4B-9FAA-4E75-86B6-AAA041E232B6}.Release|Any CPU.ActiveCfg = Release|Any CPU
		{10E54F4B-9FAA-4E75-86B6-AAA041E232B6}.Release|Any CPU.Build.0 = Release|Any CPU
	EndGlobalSection
EndGlobal
